
Microsoft Visual Studio Solution File, Format Version 12.00
# Visual Studio Version 17
VisualStudioVersion = 17.5.33627.172
MinimumVisualStudioVersion = 10.0.40219.1
Project("{9A19103F-16F7-4668-BE54-9A1E7A4F7556}") = "UKYG4H_HFT_2022232.Client", "UKYG4H_HFT_2022232.Client\UKYG4H_HFT_2022232.Client.csproj", "{AE1445DB-9EA3-4EFB-B4C7-5310FE31BCFE}"
EndProject
Project("{FAE04EC0-301F-11D3-BF4B-00C04F79EFBC}") = "UKYG4H_HFT_2022232.Models", "UKYG4H_HFT_2022232.Models\UKYG4H_HFT_2022232.Models.csproj", "{6F540B05-2AD2-4590-9241-9D7AB227B458}"
EndProject
Project("{FAE04EC0-301F-11D3-BF4B-00C04F79EFBC}") = "UKYG4H_HFT_2022232.Logic", "UKYG4H_HFT_2022232.Logic\UKYG4H_HFT_2022232.Logic.csproj", "{8D6D16E7-1E9F-485A-81BF-70B8EDE87DEA}"
EndProject
Project("{FAE04EC0-301F-11D3-BF4B-00C04F79EFBC}") = "UKYG4H_HFT_2022232.Repository", "UKYG4H_HFT_2022232.Repository\UKYG4H_HFT_2022232.Repository.csproj", "{4311BF5A-8E70-4918-AF11-1B1D5B3EFE5F}"
EndProject
Project("{FAE04EC0-301F-11D3-BF4B-00C04F79EFBC}") = "UKYG4H_HFT_2022232.Endpoint", "UKYG4H_HFT_2022232.Endpoint\UKYG4H_HFT_2022232.Endpoint.csproj", "{502C3BB7-0E4C-47E0-8B4E-C053D9001320}"
EndProject
Project("{FAE04EC0-301F-11D3-BF4B-00C04F79EFBC}") = "UKYG4H_HFT_2022232.Test", "UKYG4H_HFT_2022232.Test\UKYG4H_HFT_2022232.Test.csproj", "{3F46EE0B-25E3-42D7-9DD8-6C226A2F88CD}"
EndProject
Project("{2150E333-8FDC-42A3-9474-1A3956D46DE8}") = "Backend", "Backend", "{3B08EB26-1C75-4D37-8E22-0D7117DA711E}"
EndProject
Project("{2150E333-8FDC-42A3-9474-1A3956D46DE8}") = "Frontend", "Frontend", "{2DDF4966-F3D4-4A14-A4D5-E5239F3DE4A9}"
EndProject
Project("{2150E333-8FDC-42A3-9474-1A3956D46DE8}") = "Shared", "Shared", "{9FAF073A-3D24-4DAB-AD09-B6C86F553187}"
EndProject
Global
	GlobalSection(SolutionConfigurationPlatforms) = preSolution
		Debug|Any CPU = Debug|Any CPU
		Release|Any CPU = Release|Any CPU
	EndGlobalSection
	GlobalSection(ProjectConfigurationPlatforms) = postSolution
		{AE1445DB-9EA3-4EFB-B4C7-5310FE31BCFE}.Debug|Any CPU.ActiveCfg = Debug|Any CPU
		{AE1445DB-9EA3-4EFB-B4C7-5310FE31BCFE}.Debug|Any CPU.Build.0 = Debug|Any CPU
		{AE1445DB-9EA3-4EFB-B4C7-5310FE31BCFE}.Release|Any CPU.ActiveCfg = Release|Any CPU
		{AE1445DB-9EA3-4EFB-B4C7-5310FE31BCFE}.Release|Any CPU.Build.0 = Release|Any CPU
		{6F540B05-2AD2-4590-9241-9D7AB227B458}.Debug|Any CPU.ActiveCfg = Debug|Any CPU
		{6F540B05-2AD2-4590-9241-9D7AB227B458}.Debug|Any CPU.Build.0 = Debug|Any CPU
		{6F540B05-2AD2-4590-9241-9D7AB227B458}.Release|Any CPU.ActiveCfg = Release|Any CPU
		{6F540B05-2AD2-4590-9241-9D7AB227B458}.Release|Any CPU.Build.0 = Release|Any CPU
		{8D6D16E7-1E9F-485A-81BF-70B8EDE87DEA}.Debug|Any CPU.ActiveCfg = Debug|Any CPU
		{8D6D16E7-1E9F-485A-81BF-70B8EDE87DEA}.Debug|Any CPU.Build.0 = Debug|Any CPU
		{8D6D16E7-1E9F-485A-81BF-70B8EDE87DEA}.Release|Any CPU.ActiveCfg = Release|Any CPU
		{8D6D16E7-1E9F-485A-81BF-70B8EDE87DEA}.Release|Any CPU.Build.0 = Release|Any CPU
		{4311BF5A-8E70-4918-AF11-1B1D5B3EFE5F}.Debug|Any CPU.ActiveCfg = Debug|Any CPU
		{4311BF5A-8E70-4918-AF11-1B1D5B3EFE5F}.Debug|Any CPU.Build.0 = Debug|Any CPU
		{4311BF5A-8E70-4918-AF11-1B1D5B3EFE5F}.Release|Any CPU.ActiveCfg = Release|Any CPU
		{4311BF5A-8E70-4918-AF11-1B1D5B3EFE5F}.Release|Any CPU.Build.0 = Release|Any CPU
		{502C3BB7-0E4C-47E0-8B4E-C053D9001320}.Debug|Any CPU.ActiveCfg = Debug|Any CPU
		{502C3BB7-0E4C-47E0-8B4E-C053D9001320}.Debug|Any CPU.Build.0 = Debug|Any CPU
		{502C3BB7-0E4C-47E0-8B4E-C053D9001320}.Release|Any CPU.ActiveCfg = Release|Any CPU
		{502C3BB7-0E4C-47E0-8B4E-C053D9001320}.Release|Any CPU.Build.0 = Release|Any CPU
		{3F46EE0B-25E3-42D7-9DD8-6C226A2F88CD}.Debug|Any CPU.ActiveCfg = Debug|Any CPU
		{3F46EE0B-25E3-42D7-9DD8-6C226A2F88CD}.Debug|Any CPU.Build.0 = Debug|Any CPU
		{3F46EE0B-25E3-42D7-9DD8-6C226A2F88CD}.Release|Any CPU.ActiveCfg = Release|Any CPU
		{3F46EE0B-25E3-42D7-9DD8-6C226A2F88CD}.Release|Any CPU.Build.0 = Release|Any CPU
	EndGlobalSection
	GlobalSection(SolutionProperties) = preSolution
		HideSolutionNode = FALSE
	EndGlobalSection
	GlobalSection(NestedProjects) = preSolution
		{AE1445DB-9EA3-4EFB-B4C7-5310FE31BCFE} = {2DDF4966-F3D4-4A14-A4D5-E5239F3DE4A9}
		{6F540B05-2AD2-4590-9241-9D7AB227B458} = {9FAF073A-3D24-4DAB-AD09-B6C86F553187}
		{8D6D16E7-1E9F-485A-81BF-70B8EDE87DEA} = {3B08EB26-1C75-4D37-8E22-0D7117DA711E}
		{4311BF5A-8E70-4918-AF11-1B1D5B3EFE5F} = {3B08EB26-1C75-4D37-8E22-0D7117DA711E}
		{502C3BB7-0E4C-47E0-8B4E-C053D9001320} = {3B08EB26-1C75-4D37-8E22-0D7117DA711E}
		{3F46EE0B-25E3-42D7-9DD8-6C226A2F88CD} = {3B08EB26-1C75-4D37-8E22-0D7117DA711E}
	EndGlobalSection
	GlobalSection(ExtensibilityGlobals) = postSolution
		SolutionGuid = {C16344EF-E700-48E8-A63A-1E9A80BCB564}
	EndGlobalSection
EndGlobal
